{
  "nodes": {
    "flake-compat": {
      "flake": false,
      "locked": {
        "lastModified": 1650374568,
        "narHash": "sha256-Z+s0J8/r907g149rllvwhb4pKi8Wam5ij0st8PwAh+E=",
        "owner": "edolstra",
        "repo": "flake-compat",
        "rev": "b4a34015c698c7793d592d66adbab377907a2be8",
        "type": "github"
      },
      "original": {
        "owner": "edolstra",
        "repo": "flake-compat",
        "type": "github"
      }
    },
    "flake-utils": {
      "locked": {
        "lastModified": 1644229661,
        "narHash": "sha256-1YdnJAsNy69bpcjuoKdOYQX0YxZBiCYZo4Twxerqv7k=",
        "owner": "numtide",
        "repo": "flake-utils",
        "rev": "3cecb5b042f7f209c56ffd8371b2711a290ec797",
        "type": "github"
      },
      "original": {
        "owner": "numtide",
        "repo": "flake-utils",
        "type": "github"
      }
    },
    "flake-utils-plus": {
      "inputs": {
        "flake-utils": "flake-utils"
      },
      "locked": {
        "lastModified": 1657226504,
        "narHash": "sha256-GIYNjuq4mJlFgqKsZ+YrgzWm0IpA4axA3MCrdKYj7gs=",
        "owner": "gytis-ivaskevicius",
        "repo": "flake-utils-plus",
        "rev": "2bf0f91643c2e5ae38c1b26893ac2927ac9bd82a",
        "type": "github"
      },
      "original": {
        "owner": "gytis-ivaskevicius",
        "repo": "flake-utils-plus",
        "type": "github"
      }
    },
    "home-manager": {
      "inputs": {
        "nixpkgs": [
          "nixpkgs"
        ]
      },
      "locked": {
        "lastModified": 1695550077,
        "narHash": "sha256-xoxR/iY69/3lTnnZDP6gf3J46DUKPcf+Y1jH03tfZXE=",
        "owner": "nix-community",
        "repo": "home-manager",
        "rev": "a88df2fb101778bfd98a17556b3a2618c6c66091",
        "type": "github"
      },
      "original": {
        "owner": "nix-community",
        "ref": "master",
        "repo": "home-manager",
        "type": "github"
      }
    },
    "neovim": {
      "inputs": {
        "nixpkgs": [
          "nixpkgs"
        ],
        "utils": "utils"
      },
      "locked": {
        "lastModified": 1695231539,
        "narHash": "sha256-nV4R/2KOW1oFYwkNxHXI8FDwnbxKkXpnHn2EpKBTcng=",
        "owner": "IogaMaster",
        "repo": "neovim",
        "rev": "e5b6f30867edd7576cc8506246596ca53836f947",
        "type": "github"
      },
      "original": {
        "owner": "IogaMaster",
        "repo": "neovim",
        "type": "github"
      }
    },
    "nix-ld": {
      "inputs": {
        "nixpkgs": [
          "nixpkgs"
        ]
      },
      "locked": {
        "lastModified": 1686849676,
        "narHash": "sha256-+z9t7BLugZO1WhyYEq6FI38TMh2EwfgfAv3RDFSjwtc=",
        "owner": "Mic92",
        "repo": "nix-ld",
        "rev": "3abd605e56b5b34ec630bb10ba85f98c93cc05b2",
        "type": "github"
      },
      "original": {
        "owner": "Mic92",
        "repo": "nix-ld",
        "type": "github"
      }
    },
    "nixlib": {
      "locked": {
        "lastModified": 1693701915,
        "narHash": "sha256-waHPLdDYUOHSEtMKKabcKIMhlUOHPOOPQ9UyFeEoovs=",
        "owner": "nix-community",
        "repo": "nixpkgs.lib",
        "rev": "f5af57d3ef9947a70ac86e42695231ac1ad00c25",
        "type": "github"
      },
      "original": {
        "owner": "nix-community",
        "repo": "nixpkgs.lib",
        "type": "github"
      }
    },
    "nixos-generators": {
      "inputs": {
        "nixlib": "nixlib",
        "nixpkgs": [
          "nixpkgs"
        ]
      },
      "locked": {
        "lastModified": 1693791338,
        "narHash": "sha256-wHmtB5H8AJTUaeGHw+0hsQ6nU4VyvVrP2P4NeCocRzY=",
        "owner": "nix-community",
        "repo": "nixos-generators",
        "rev": "8ee78470029e641cddbd8721496da1316b47d3b4",
        "type": "github"
      },
      "original": {
        "owner": "nix-community",
        "repo": "nixos-generators",
        "type": "github"
      }
    },
    "nixpkgs": {
      "locked": {
        "lastModified": 1695360818,
        "narHash": "sha256-JlkN3R/SSoMTa+CasbxS1gq+GpGxXQlNZRUh9+LIy/0=",
        "owner": "nixos",
        "repo": "nixpkgs",
        "rev": "e35dcc04a3853da485a396bdd332217d0ac9054f",
        "type": "github"
      },
      "original": {
        "owner": "nixos",
        "ref": "nixos-unstable",
        "repo": "nixpkgs",
        "type": "github"
      }
    },
    "root": {
      "inputs": {
        "home-manager": "home-manager",
        "neovim": "neovim",
        "nix-ld": "nix-ld",
        "nixos-generators": "nixos-generators",
        "nixpkgs": "nixpkgs",
        "snowfall-lib": "snowfall-lib"
      }
    },
    "snowfall-lib": {
      "inputs": {
        "flake-compat": "flake-compat",
        "flake-utils-plus": "flake-utils-plus",
        "nixpkgs": [
          "nixpkgs"
        ]
      },
      "locked": {
        "lastModified": 1694832968,
        "narHash": "sha256-9MiTlrEtsVZngGvUG44dc9oL6u7Iy2H/ZQsF7dfZzfI=",
        "owner": "snowfallorg",
        "repo": "lib",
        "rev": "83e7839dd1aaa7694b88f50963716dc1bc5de371",
        "type": "github"
      },
      "original": {
        "owner": "snowfallorg",
        "repo": "lib",
        "type": "github"
      }
    },
    "systems": {
      "locked": {
        "lastModified": 1681028828,
        "narHash": "sha256-Vy1rq5AaRuLzOxct8nz4T6wlgyUR7zLU309k9mBC768=",
        "owner": "nix-systems",
        "repo": "default",
        "rev": "da67096a3b9bf56a91d16901293e51ba5b49a27e",
        "type": "github"
      },
      "original": {
        "owner": "nix-systems",
        "repo": "default",
        "type": "github"
      }
    },
    "utils": {
      "inputs": {
        "systems": "systems"
      },
      "locked": {
        "lastModified": 1694529238,
        "narHash": "sha256-zsNZZGTGnMOf9YpHKJqMSsa0dXbfmxeoJ7xHlrt+xmY=",
        "owner": "numtide",
        "repo": "flake-utils",
        "rev": "ff7b65b44d01cf9ba6a71320833626af21126384",
        "type": "github"
      },
      "original": {
        "owner": "numtide",
        "repo": "flake-utils",
        "type": "github"
      }
    }
  },
  "root": "root",
  "version": 7
}
